// !$*UTF8*$!
{
	archiveVersion = 1;
	classes = {
	};
	objectVersion = 50;
	objects = {

/* Begin PBXBuildFile section */
		084271402502801400F2E6BF /* AppDelegate.swift in Sources */ = {isa = PBXBuildFile; fileRef = 0842713F2502801400F2E6BF /* AppDelegate.swift */; };
		084271422502801400F2E6BF /* SceneDelegate.swift in Sources */ = {isa = PBXBuildFile; fileRef = 084271412502801400F2E6BF /* SceneDelegate.swift */; };
		084271442502801400F2E6BF /* ViewController.swift in Sources */ = {isa = PBXBuildFile; fileRef = 084271432502801400F2E6BF /* ViewController.swift */; };
		084271472502801400F2E6BF /* Main.storyboard in Resources */ = {isa = PBXBuildFile; fileRef = 084271452502801400F2E6BF /* Main.storyboard */; };
		084271492502801800F2E6BF /* Assets.xcassets in Resources */ = {isa = PBXBuildFile; fileRef = 084271482502801800F2E6BF /* Assets.xcassets */; };
		0842714C2502801800F2E6BF /* LaunchScreen.storyboard in Resources */ = {isa = PBXBuildFile; fileRef = 0842714A2502801800F2E6BF /* LaunchScreen.storyboard */; };
		084271572502801800F2E6BF /* Lesson_6_2_2Tests.swift in Sources */ = {isa = PBXBuildFile; fileRef = 084271562502801800F2E6BF /* Lesson_6_2_2Tests.swift */; };
		084271622502801800F2E6BF /* Lesson_6_2_2UITests.swift in Sources */ = {isa = PBXBuildFile; fileRef = 084271612502801800F2E6BF /* Lesson_6_2_2UITests.swift */; };
/* End PBXBuildFile section */

/* Begin PBXContainerItemProxy section */
		084271532502801800F2E6BF /* PBXContainerItemProxy */ = {
			isa = PBXContainerItemProxy;
			containerPortal = 084271342502801400F2E6BF /* Project object */;
			proxyType = 1;
			remoteGlobalIDString = 0842713B2502801400F2E6BF;
			remoteInfo = "Lesson 6 2.2";
		};
		0842715E2502801800F2E6BF /* PBXContainerItemProxy */ = {
			isa = PBXContainerItemProxy;
			containerPortal = 084271342502801400F2E6BF /* Project object */;
			proxyType = 1;
			remoteGlobalIDString = 0842713B2502801400F2E6BF;
			remoteInfo = "Lesson 6 2.2";
		};
/* End PBXContainerItemProxy section */

/* Begin PBXFileReference section */
		0842713C2502801400F2E6BF /* Lesson 6 2.2.app */ = {isa = PBXFileReference; explicitFileType = wrapper.application; includeInIndex = 0; path = "Lesson 6 2.2.app"; sourceTree = BUILT_PRODUCTS_DIR; };
		0842713F2502801400F2E6BF /* AppDelegate.swift */ = {isa = PBXFileReference; lastKnownFileType = sourcecode.swift; path = AppDelegate.swift; sourceTree = "<group>"; };
		084271412502801400F2E6BF /* SceneDelegate.swift */ = {isa = PBXFileReference; lastKnownFileType = sourcecode.swift; path = SceneDelegate.swift; sourceTree = "<group>"; };
		084271432502801400F2E6BF /* ViewController.swift */ = {isa = PBXFileReference; lastKnownFileType = sourcecode.swift; path = ViewController.swift; sourceTree = "<group>"; };
		084271462502801400F2E6BF /* Base */ = {isa = PBXFileReference; lastKnownFileType = file.storyboard; name = Base; path = Base.lproj/Main.storyboard; sourceTree = "<group>"; };
		084271482502801800F2E6BF /* Assets.xcassets */ = {isa = PBXFileReference; lastKnownFileType = folder.assetcatalog; path = Assets.xcassets; sourceTree = "<group>"; };
		0842714B2502801800F2E6BF /* Base */ = {isa = PBXFileReference; lastKnownFileType = file.storyboard; name = Base; path = Base.lproj/LaunchScreen.storyboard; sourceTree = "<group>"; };
		0842714D2502801800F2E6BF /* Info.plist */ = {isa = PBXFileReference; lastKnownFileType = text.plist.xml; path = Info.plist; sourceTree = "<group>"; };
		084271522502801800F2E6BF /* Lesson 6 2.2Tests.xctest */ = {isa = PBXFileReference; explicitFileType = wrapper.cfbundle; includeInIndex = 0; path = "Lesson 6 2.2Tests.xctest"; sourceTree = BUILT_PRODUCTS_DIR; };
		084271562502801800F2E6BF /* Lesson_6_2_2Tests.swift */ = {isa = PBXFileReference; lastKnownFileType = sourcecode.swift; path = Lesson_6_2_2Tests.swift; sourceTree = "<group>"; };
		084271582502801800F2E6BF /* Info.plist */ = {isa = PBXFileReference; lastKnownFileType = text.plist.xml; path = Info.plist; sourceTree = "<group>"; };
		0842715D2502801800F2E6BF /* Lesson 6 2.2UITests.xctest */ = {isa = PBXFileReference; explicitFileType = wrapper.cfbundle; includeInIndex = 0; path = "Lesson 6 2.2UITests.xctest"; sourceTree = BUILT_PRODUCTS_DIR; };
		084271612502801800F2E6BF /* Lesson_6_2_2UITests.swift */ = {isa = PBXFileReference; lastKnownFileType = sourcecode.swift; path = Lesson_6_2_2UITests.swift; sourceTree = "<group>"; };
		084271632502801800F2E6BF /* Info.plist */ = {isa = PBXFileReference; lastKnownFileType = text.plist.xml; path = Info.plist; sourceTree = "<group>"; };
/* End PBXFileReference section */

/* Begin PBXFrameworksBuildPhase section */
		084271392502801400F2E6BF /* Frameworks */ = {
			isa = PBXFrameworksBuildPhase;
			buildActionMask = 2147483647;
			files = (
			);
			runOnlyForDeploymentPostprocessing = 0;
		};
		0842714F2502801800F2E6BF /* Frameworks */ = {
			isa = PBXFrameworksBuildPhase;
			buildActionMask = 2147483647;
			files = (
			);
			runOnlyForDeploymentPostprocessing = 0;
		};
		0842715A2502801800F2E6BF /* Frameworks */ = {
			isa = PBXFrameworksBuildPhase;
			buildActionMask = 2147483647;
			files = (
			);
			runOnlyForDeploymentPostprocessing = 0;
		};
/* End PBXFrameworksBuildPhase section */

/* Begin PBXGroup section */
		084271332502801400F2E6BF = {
			isa = PBXGroup;
			children = (
				0842713E2502801400F2E6BF /* Lesson 6 2.2 */,
				084271552502801800F2E6BF /* Lesson 6 2.2Tests */,
				084271602502801800F2E6BF /* Lesson 6 2.2UITests */,
				0842713D2502801400F2E6BF /* Products */,
			);
			sourceTree = "<group>";
		};
		0842713D2502801400F2E6BF /* Products */ = {
			isa = PBXGroup;
			children = (
				0842713C2502801400F2E6BF /* Lesson 6 2.2.app */,
				084271522502801800F2E6BF /* Lesson 6 2.2Tests.xctest */,
				0842715D2502801800F2E6BF /* Lesson 6 2.2UITests.xctest */,
			);
			name = Products;
			sourceTree = "<group>";
		};
		0842713E2502801400F2E6BF /* Lesson 6 2.2 */ = {
			isa = PBXGroup;
			children = (
				0842713F2502801400F2E6BF /* AppDelegate.swift */,
				084271412502801400F2E6BF /* SceneDelegate.swift */,
				084271432502801400F2E6BF /* ViewController.swift */,
				084271452502801400F2E6BF /* Main.storyboard */,
				084271482502801800F2E6BF /* Assets.xcassets */,
				0842714A2502801800F2E6BF /* LaunchScreen.storyboard */,
				0842714D2502801800F2E6BF /* Info.plist */,
			);
			path = "Lesson 6 2.2";
			sourceTree = "<group>";
		};
		084271552502801800F2E6BF /* Lesson 6 2.2Tests */ = {
			isa = PBXGroup;
			children = (
				084271562502801800F2E6BF /* Lesson_6_2_2Tests.swift */,
				084271582502801800F2E6BF /* Info.plist */,
			);
			path = "Lesson 6 2.2Tests";
			sourceTree = "<group>";
		};
		084271602502801800F2E6BF /* Lesson 6 2.2UITests */ = {
			isa = PBXGroup;
			children = (
				084271612502801800F2E6BF /* Lesson_6_2_2UITests.swift */,
				084271632502801800F2E6BF /* Info.plist */,
			);
			path = "Lesson 6 2.2UITests";
			sourceTree = "<group>";
		};
/* End PBXGroup section */

/* Begin PBXNativeTarget section */
		0842713B2502801400F2E6BF /* Lesson 6 2.2 */ = {
			isa = PBXNativeTarget;
			buildConfigurationList = 084271662502801800F2E6BF /* Build configuration list for PBXNativeTarget "Lesson 6 2.2" */;
			buildPhases = (
				084271382502801400F2E6BF /* Sources */,
				084271392502801400F2E6BF /* Frameworks */,
				0842713A2502801400F2E6BF /* Resources */,
			);
			buildRules = (
			);
			dependencies = (
			);
			name = "Lesson 6 2.2";
			productName = "Lesson 6 2.2";
			productReference = 0842713C2502801400F2E6BF /* Lesson 6 2.2.app */;
			productType = "com.apple.product-type.application";
		};
		084271512502801800F2E6BF /* Lesson 6 2.2Tests */ = {
			isa = PBXNativeTarget;
			buildConfigurationList = 084271692502801800F2E6BF /* Build configuration list for PBXNativeTarget "Lesson 6 2.2Tests" */;
			buildPhases = (
				0842714E2502801800F2E6BF /* Sources */,
				0842714F2502801800F2E6BF /* Frameworks */,
				084271502502801800F2E6BF /* Resources */,
			);
			buildRules = (
			);
			dependencies = (
				084271542502801800F2E6BF /* PBXTargetDependency */,
			);
			name = "Lesson 6 2.2Tests";
			productName = "Lesson 6 2.2Tests";
			productReference = 084271522502801800F2E6BF /* Lesson 6 2.2Tests.xctest */;
			productType = "com.apple.product-type.bundle.unit-test";
		};
		0842715C2502801800F2E6BF /* Lesson 6 2.2UITests */ = {
			isa = PBXNativeTarget;
			buildConfigurationList = 0842716C2502801800F2E6BF /* Build configuration list for PBXNativeTarget "Lesson 6 2.2UITests" */;
			buildPhases = (
				084271592502801800F2E6BF /* Sources */,
				0842715A2502801800F2E6BF /* Frameworks */,
				0842715B2502801800F2E6BF /* Resources */,
			);
			buildRules = (
			);
			dependencies = (
				0842715F2502801800F2E6BF /* PBXTargetDependency */,
			);
			name = "Lesson 6 2.2UITests";
			productName = "Lesson 6 2.2UITests";
			productReference = 0842715D2502801800F2E6BF /* Lesson 6 2.2UITests.xctest */;
			productType = "com.apple.product-type.bundle.ui-testing";
		};
/* End PBXNativeTarget section */

/* Begin PBXProject section */
		084271342502801400F2E6BF /* Project object */ = {
			isa = PBXProject;
			attributes = {
				LastSwiftUpdateCheck = 1160;
				LastUpgradeCheck = 1160;
				ORGANIZATIONNAME = Leo;
				TargetAttributes = {
					0842713B2502801400F2E6BF = {
						CreatedOnToolsVersion = 11.6;
					};
					084271512502801800F2E6BF = {
						CreatedOnToolsVersion = 11.6;
						TestTargetID = 0842713B2502801400F2E6BF;
					};
					0842715C2502801800F2E6BF = {
						CreatedOnToolsVersion = 11.6;
						TestTargetID = 0842713B2502801400F2E6BF;
					};
				};
			};
			buildConfigurationList = 084271372502801400F2E6BF /* Build configuration list for PBXProject "Lesson 6 2.2" */;
			compatibilityVersion = "Xcode 9.3";
			developmentRegion = en;
			hasScannedForEncodings = 0;
			knownRegions = (
				en,
				Base,
			);
			mainGroup = 084271332502801400F2E6BF;
			productRefGroup = 0842713D2502801400F2E6BF /* Products */;
			projectDirPath = "";
			projectRoot = "";
			targets = (
				0842713B2502801400F2E6BF /* Lesson 6 2.2 */,
				084271512502801800F2E6BF /* Lesson 6 2.2Tests */,
				0842715C2502801800F2E6BF /* Lesson 6 2.2UITests */,
			);
		};
/* End PBXProject section */

/* Begin PBXResourcesBuildPhase section */
		0842713A2502801400F2E6BF /* Resources */ = {
			isa = PBXResourcesBuildPhase;
			buildActionMask = 2147483647;
			files = (
				0842714C2502801800F2E6BF /* LaunchScreen.storyboard in Resources */,
				084271492502801800F2E6BF /* Assets.xcassets in Resources */,
				084271472502801400F2E6BF /* Main.storyboard in Resources */,
			);
			runOnlyForDeploymentPostprocessing = 0;
		};
		084271502502801800F2E6BF /* Resources */ = {
			isa = PBXResourcesBuildPhase;
			buildActionMask = 2147483647;
			files = (
			);
			runOnlyForDeploymentPostprocessing = 0;
		};
		0842715B2502801800F2E6BF /* Resources */ = {
			isa = PBXResourcesBuildPhase;
			buildActionMask = 2147483647;
			files = (
			);
			runOnlyForDeploymentPostprocessing = 0;
		};
/* End PBXResourcesBuildPhase section */

/* Begin PBXSourcesBuildPhase section */
		084271382502801400F2E6BF /* Sources */ = {
			isa = PBXSourcesBuildPhase;
			buildActionMask = 2147483647;
			files = (
				084271442502801400F2E6BF /* ViewController.swift in Sources */,
				084271402502801400F2E6BF /* AppDelegate.swift in Sources */,
				084271422502801400F2E6BF /* SceneDelegate.swift in Sources */,
			);
			runOnlyForDeploymentPostprocessing = 0;
		};
		0842714E2502801800F2E6BF /* Sources */ = {
			isa = PBXSourcesBuildPhase;
			buildActionMask = 2147483647;
			files = (
				084271572502801800F2E6BF /* Lesson_6_2_2Tests.swift in Sources */,
			);
			runOnlyForDeploymentPostprocessing = 0;
		};
		084271592502801800F2E6BF /* Sources */ = {
			isa = PBXSourcesBuildPhase;
			buildActionMask = 2147483647;
			files = (
				084271622502801800F2E6BF /* Lesson_6_2_2UITests.swift in Sources */,
			);
			runOnlyForDeploymentPostprocessing = 0;
		};
/* End PBXSourcesBuildPhase section */

/* Begin PBXTargetDependency section */
		084271542502801800F2E6BF /* PBXTargetDependency */ = {
			isa = PBXTargetDependency;
			target = 0842713B2502801400F2E6BF /* Lesson 6 2.2 */;
			targetProxy = 084271532502801800F2E6BF /* PBXContainerItemProxy */;
		};
		0842715F2502801800F2E6BF /* PBXTargetDependency */ = {
			isa = PBXTargetDependency;
			target = 0842713B2502801400F2E6BF /* Lesson 6 2.2 */;
			targetProxy = 0842715E2502801800F2E6BF /* PBXContainerItemProxy */;
		};
/* End PBXTargetDependency section */

/* Begin PBXVariantGroup section */
		084271452502801400F2E6BF /* Main.storyboard */ = {
			isa = PBXVariantGroup;
			children = (
				084271462502801400F2E6BF /* Base */,
			);
			name = Main.storyboard;
			sourceTree = "<group>";
		};
		0842714A2502801800F2E6BF /* LaunchScreen.storyboard */ = {
			isa = PBXVariantGroup;
			children = (
				0842714B2502801800F2E6BF /* Base */,
			);
			name = LaunchScreen.storyboard;
			sourceTree = "<group>";
		};
/* End PBXVariantGroup section */

/* Begin XCBuildConfiguration section */
		084271642502801800F2E6BF /* Debug */ = {
			isa = XCBuildConfiguration;
			buildSettings = {
				ALWAYS_SEARCH_USER_PATHS = NO;
				CLANG_ANALYZER_NONNULL = YES;
				CLANG_ANALYZER_NUMBER_OBJECT_CONVERSION = YES_AGGRESSIVE;
				CLANG_CXX_LANGUAGE_STANDARD = "gnu++14";
				CLANG_CXX_LIBRARY = "libc++";
				CLANG_ENABLE_MODULES = YES;
				CLANG_ENABLE_OBJC_ARC = YES;
				CLANG_ENABLE_OBJC_WEAK = YES;
				CLANG_WARN_BLOCK_CAPTURE_AUTORELEASING = YES;
				CLANG_WARN_BOOL_CONVERSION = YES;
				CLANG_WARN_COMMA = YES;
				CLANG_WARN_CONSTANT_CONVERSION = YES;
				CLANG_WARN_DEPRECATED_OBJC_IMPLEMENTATIONS = YES;
				CLANG_WARN_DIRECT_OBJC_ISA_USAGE = YES_ERROR;
				CLANG_WARN_DOCUMENTATION_COMMENTS = YES;
				CLANG_WARN_EMPTY_BODY = YES;
				CLANG_WARN_ENUM_CONVERSION = YES;
				CLANG_WARN_INFINITE_RECURSION = YES;
				CLANG_WARN_INT_CONVERSION = YES;
				CLANG_WARN_NON_LITERAL_NULL_CONVERSION = YES;
				CLANG_WARN_OBJC_IMPLICIT_RETAIN_SELF = YES;
				CLANG_WARN_OBJC_LITERAL_CONVERSION = YES;
				CLANG_WARN_OBJC_ROOT_CLASS = YES_ERROR;
				CLANG_WARN_RANGE_LOOP_ANALYSIS = YES;
				CLANG_WARN_STRICT_PROTOTYPES = YES;
				CLANG_WARN_SUSPICIOUS_MOVE = YES;
				CLANG_WARN_UNGUARDED_AVAILABILITY = YES_AGGRESSIVE;
				CLANG_WARN_UNREACHABLE_CODE = YES;
				CLANG_WARN__DUPLICATE_METHOD_MATCH = YES;
				COPY_PHASE_STRIP = NO;
				DEBUG_INFORMATION_FORMAT = dwarf;
				ENABLE_STRICT_OBJC_MSGSEND = YES;
				ENABLE_TESTABILITY = YES;
				GCC_C_LANGUAGE_STANDARD = gnu11;
				GCC_DYNAMIC_NO_PIC = NO;
				GCC_NO_COMMON_BLOCKS = YES;
				GCC_OPTIMIZATION_LEVEL = 0;
				GCC_PREPROCESSOR_DEFINITIONS = (
					"DEBUG=1",
					"$(inherited)",
				);
				GCC_WARN_64_TO_32_BIT_CONVERSION = YES;
				GCC_WARN_ABOUT_RETURN_TYPE = YES_ERROR;
				GCC_WARN_UNDECLARED_SELECTOR = YES;
				GCC_WARN_UNINITIALIZED_AUTOS = YES_AGGRESSIVE;
				GCC_WARN_UNUSED_FUNCTION = YES;
				GCC_WARN_UNUSED_VARIABLE = YES;
				IPHONEOS_DEPLOYMENT_TARGET = 13.6;
				MTL_ENABLE_DEBUG_INFO = INCLUDE_SOURCE;
				MTL_FAST_MATH = YES;
				ONLY_ACTIVE_ARCH = YES;
				SDKROOT = iphoneos;
				SWIFT_ACTIVE_COMPILATION_CONDITIONS = DEBUG;
				SWIFT_OPTIMIZATION_LEVEL = "-Onone";
			};
			name = Debug;
		};
		084271652502801800F2E6BF /* Release */ = {
			isa = XCBuildConfiguration;
			buildSettings = {
				ALWAYS_SEARCH_USER_PATHS = NO;
				CLANG_ANALYZER_NONNULL = YES;
				CLANG_ANALYZER_NUMBER_OBJECT_CONVERSION = YES_AGGRESSIVE;
				CLANG_CXX_LANGUAGE_STANDARD = "gnu++14";
				CLANG_CXX_LIBRARY = "libc++";
				CLANG_ENABLE_MODULES = YES;
				CLANG_ENABLE_OBJC_ARC = YES;
				CLANG_ENABLE_OBJC_WEAK = YES;
				CLANG_WARN_BLOCK_CAPTURE_AUTORELEASING = YES;
				CLANG_WARN_BOOL_CONVERSION = YES;
				CLANG_WARN_COMMA = YES;
				CLANG_WARN_CONSTANT_CONVERSION = YES;
				CLANG_WARN_DEPRECATED_OBJC_IMPLEMENTATIONS = YES;
				CLANG_WARN_DIRECT_OBJC_ISA_USAGE = YES_ERROR;
				CLANG_WARN_DOCUMENTATION_COMMENTS = YES;
				CLANG_WARN_EMPTY_BODY = YES;
				CLANG_WARN_ENUM_CONVERSION = YES;
				CLANG_WARN_INFINITE_RECURSION = YES;
				CLANG_WARN_INT_CONVERSION = YES;
				CLANG_WARN_NON_LITERAL_NULL_CONVERSION = YES;
				CLANG_WARN_OBJC_IMPLICIT_RETAIN_SELF = YES;
				CLANG_WARN_OBJC_LITERAL_CONVERSION = YES;
				CLANG_WARN_OBJC_ROOT_CLASS = YES_ERROR;
				CLANG_WARN_RANGE_LOOP_ANALYSIS = YES;
				CLANG_WARN_STRICT_PROTOTYPES = YES;
				CLANG_WARN_SUSPICIOUS_MOVE = YES;
				CLANG_WARN_UNGUARDED_AVAILABILITY = YES_AGGRESSIVE;
				CLANG_WARN_UNREACHABLE_CODE = YES;
				CLANG_WARN__DUPLICATE_METHOD_MATCH = YES;
				COPY_PHASE_STRIP = NO;
				DEBUG_INFORMATION_FORMAT = "dwarf-with-dsym";
				ENABLE_NS_ASSERTIONS = NO;
				ENABLE_STRICT_OBJC_MSGSEND = YES;
				GCC_C_LANGUAGE_STANDARD = gnu11;
				GCC_NO_COMMON_BLOCKS = YES;
				GCC_WARN_64_TO_32_BIT_CONVERSION = YES;
				GCC_WARN_ABOUT_RETURN_TYPE = YES_ERROR;
				GCC_WARN_UNDECLARED_SELECTOR = YES;
				GCC_WARN_UNINITIALIZED_AUTOS = YES_AGGRESSIVE;
				GCC_WARN_UNUSED_FUNCTION = YES;
				GCC_WARN_UNUSED_VARIABLE = YES;
				IPHONEOS_DEPLOYMENT_TARGET = 13.6;
				MTL_ENABLE_DEBUG_INFO = NO;
				MTL_FAST_MATH = YES;
				SDKROOT = iphoneos;
				SWIFT_COMPILATION_MODE = wholemodule;
				SWIFT_OPTIMIZATION_LEVEL = "-O";
				VALIDATE_PRODUCT = YES;
			};
			name = Release;
		};
		084271672502801800F2E6BF /* Debug */ = {
			isa = XCBuildConfiguration;
			buildSettings = {
				ASSETCATALOG_COMPILER_APPICON_NAME = AppIcon;
				CODE_SIGN_STYLE = Automatic;
				INFOPLIST_FILE = "Lesson 6 2.2/Info.plist";
				LD_RUNPATH_SEARCH_PATHS = (
					"$(inherited)",
					"@executable_path/Frameworks",
				);
				PRODUCT_BUNDLE_IDENTIFIER = "Calculator.Lesson-6-2-2";
				PRODUCT_NAME = "$(TARGET_NAME)";
				SWIFT_VERSION = 5.0;
				TARGETED_DEVICE_FAMILY = "1,2";
			};
			name = Debug;
		};
		084271682502801800F2E6BF /* Release */ = {
			isa = XCBuildConfiguration;
			buildSettings = {
				ASSETCATALOG_COMPILER_APPICON_NAME = AppIcon;
				CODE_SIGN_STYLE = Automatic;
				INFOPLIST_FILE = "Lesson 6 2.2/Info.plist";
				LD_RUNPATH_SEARCH_PATHS = (
					"$(inherited)",
					"@executable_path/Frameworks",
				);
				PRODUCT_BUNDLE_IDENTIFIER = "Calculator.Lesson-6-2-2";
				PRODUCT_NAME = "$(TARGET_NAME)";
				SWIFT_VERSION = 5.0;
				TARGETED_DEVICE_FAMILY = "1,2";
			};
			name = Release;
		};
		0842716A2502801800F2E6BF /* Debug */ = {
			isa = XCBuildConfiguration;
			buildSettings = {
				ALWAYS_EMBED_SWIFT_STANDARD_LIBRARIES = YES;
				BUNDLE_LOADER = "$(TEST_HOST)";
				CODE_SIGN_STYLE = Automatic;
				INFOPLIST_FILE = "Lesson 6 2.2Tests/Info.plist";
				IPHONEOS_DEPLOYMENT_TARGET = 13.6;
				LD_RUNPATH_SEARCH_PATHS = (
					"$(inherited)",
					"@executable_path/Frameworks",
					"@loader_path/Frameworks",
				);
				PRODUCT_BUNDLE_IDENTIFIER = "Calculator.Lesson-6-2-2Tests";
				PRODUCT_NAME = "$(TARGET_NAME)";
				SWIFT_VERSION = 5.0;
				TARGETED_DEVICE_FAMILY = "1,2";
				TEST_HOST = "$(BUILT_PRODUCTS_DIR)/Lesson 6 2.2.app/Lesson 6 2.2";
			};
			name = Debug;
		};
		0842716B2502801800F2E6BF /* Release */ = {
			isa = XCBuildConfiguration;
			buildSettings = {
				ALWAYS_EMBED_SWIFT_STANDARD_LIBRARIES = YES;
				BUNDLE_LOADER = "$(TEST_HOST)";
				CODE_SIGN_STYLE = Automatic;
				INFOPLIST_FILE = "Lesson 6 2.2Tests/Info.plist";
				IPHONEOS_DEPLOYMENT_TARGET = 13.6;
				LD_RUNPATH_SEARCH_PATHS = (
					"$(inherited)",
					"@executable_path/Frameworks",
					"@loader_path/Frameworks",
				);
				PRODUCT_BUNDLE_IDENTIFIER = "Calculator.Lesson-6-2-2Tests";
				PRODUCT_NAME = "$(TARGET_NAME)";
				SWIFT_VERSION = 5.0;
				TARGETED_DEVICE_FAMILY = "1,2";
				TEST_HOST = "$(BUILT_PRODUCTS_DIR)/Lesson 6 2.2.app/Lesson 6 2.2";
			};
			name = Release;
		};
		0842716D2502801800F2E6BF /* Debug */ = {
			isa = XCBuildConfiguration;
			buildSettings = {
				ALWAYS_EMBED_SWIFT_STANDARD_LIBRARIES = YES;
				CODE_SIGN_STYLE = Automatic;
				INFOPLIST_FILE = "Lesson 6 2.2UITests/Info.plist";
				LD_RUNPATH_SEARCH_PATHS = (
					"$(inherited)",
					"@executable_path/Frameworks",
					"@loader_path/Frameworks",
				);
				PRODUCT_BUNDLE_IDENTIFIER = "Calculator.Lesson-6-2-2UITests";
				PRODUCT_NAME = "$(TARGET_NAME)";
				SWIFT_VERSION = 5.0;
				TARGETED_DEVICE_FAMILY = "1,2";
				TEST_TARGET_NAME = "Lesson 6 2.2";
			};
			name = Debug;
		};
		0842716E2502801800F2E6BF /* Release */ = {
			isa = XCBuildConfiguration;
			buildSettings = {
				ALWAYS_EMBED_SWIFT_STANDARD_LIBRARIES = YES;
				CODE_SIGN_STYLE = Automatic;
				INFOPLIST_FILE = "Lesson 6 2.2UITests/Info.plist";
				LD_RUNPATH_SEARCH_PATHS = (
					"$(inherited)",
					"@executable_path/Frameworks",
					"@loader_path/Frameworks",
				);
				PRODUCT_BUNDLE_IDENTIFIER = "Calculator.Lesson-6-2-2UITests";
				PRODUCT_NAME = "$(TARGET_NAME)";
				SWIFT_VERSION = 5.0;
				TARGETED_DEVICE_FAMILY = "1,2";
				TEST_TARGET_NAME = "Lesson 6 2.2";
			};
			name = Release;
		};
/* End XCBuildConfiguration section */

/* Begin XCConfigurationList section */
		084271372502801400F2E6BF /* Build configuration list for PBXProject "Lesson 6 2.2" */ = {
			isa = XCConfigurationList;
			buildConfigurations = (
				084271642502801800F2E6BF /* Debug */,
				084271652502801800F2E6BF /* Release */,
			);
			defaultConfigurationIsVisible = 0;
			defaultConfigurationName = Release;
		};
		084271662502801800F2E6BF /* Build configuration list for PBXNativeTarget "Lesson 6 2.2" */ = {
			isa = XCConfigurationList;
			buildConfigurations = (
				084271672502801800F2E6BF /* Debug */,
				084271682502801800F2E6BF /* Release */,
			);
			defaultConfigurationIsVisible = 0;
			defaultConfigurationName = Release;
		};
		084271692502801800F2E6BF /* Build configuration list for PBXNativeTarget "Lesson 6 2.2Tests" */ = {
			isa = XCConfigurationList;
			buildConfigurations = (
				0842716A2502801800F2E6BF /* Debug */,
				0842716B2502801800F2E6BF /* Release */,
			);
			defaultConfigurationIsVisible = 0;
			defaultConfigurationName = Release;
		};
		0842716C2502801800F2E6BF /* Build configuration list for PBXNativeTarget "Lesson 6 2.2UITests" */ = {
			isa = XCConfigurationList;
			buildConfigurations = (
				0842716D2502801800F2E6BF /* Debug */,
				0842716E2502801800F2E6BF /* Release */,
			);
			defaultConfigurationIsVisible = 0;
			defaultConfigurationName = Release;
		};
/* End XCConfigurationList section */
	};
	rootObject = 084271342502801400F2E6BF /* Project object */;
}
